
Microsoft Visual Studio Solution File, Format Version 12.00
# Visual Studio Version 17
VisualStudioVersion = 17.3.32901.215
MinimumVisualStudioVersion = 10.0.40219.1
Project("{FAE04EC0-301F-11D3-BF4B-00C04F79EFBC}") = "film arşiv", "film arşiv\film arşiv.csproj", "{1913038A-BFAD-4724-9A1E-771985671B53}"
EndProject
Global
	GlobalSection(SolutionConfigurationPlatforms) = preSolution
		Debug|Any CPU = Debug|Any CPU
		Release|Any CPU = Release|Any CPU
	EndGlobalSection
	GlobalSection(ProjectConfigurationPlatforms) = postSolution
		{1913038A-BFAD-4724-9A1E-771985671B53}.Debug|Any CPU.ActiveCfg = Debug|Any CPU
		{1913038A-BFAD-4724-9A1E-771985671B53}.Debug|Any CPU.Build.0 = Debug|Any CPU
		{1913038A-BFAD-4724-9A1E-771985671B53}.Release|Any CPU.ActiveCfg = Release|Any CPU
		{1913038A-BFAD-4724-9A1E-771985671B53}.Release|Any CPU.Build.0 = Release|Any CPU
	EndGlobalSection
	GlobalSection(SolutionProperties) = preSolution
		HideSolutionNode = FALSE
	EndGlobalSection
	GlobalSection(ExtensibilityGlobals) = postSolution
		SolutionGuid = {8E45926B-B56A-400E-BEAD-BC7849478E00}
	EndGlobalSection
EndGlobal
